
Microsoft Visual Studio Solution File, Format Version 12.00
# Visual Studio Version 17
VisualStudioVersion = 17.9.34607.119
MinimumVisualStudioVersion = 10.0.40219.1
Project("{FAE04EC0-301F-11D3-BF4B-00C04F79EFBC}") = "Distance in tree", "Distance in tree\Distance in tree.csproj", "{6AD2A5D3-FD70-40C9-B38F-BD00CDFFEADC}"
EndProject
Global
	GlobalSection(SolutionConfigurationPlatforms) = preSolution
		Debug|Any CPU = Debug|Any CPU
		Release|Any CPU = Release|Any CPU
	EndGlobalSection
	GlobalSection(ProjectConfigurationPlatforms) = postSolution
		{6AD2A5D3-FD70-40C9-B38F-BD00CDFFEADC}.Debug|Any CPU.ActiveCfg = Debug|Any CPU
		{6AD2A5D3-FD70-40C9-B38F-BD00CDFFEADC}.Debug|Any CPU.Build.0 = Debug|Any CPU
		{6AD2A5D3-FD70-40C9-B38F-BD00CDFFEADC}.Release|Any CPU.ActiveCfg = Release|Any CPU
		{6AD2A5D3-FD70-40C9-B38F-BD00CDFFEADC}.Release|Any CPU.Build.0 = Release|Any CPU
	EndGlobalSection
	GlobalSection(SolutionProperties) = preSolution
		HideSolutionNode = FALSE
	EndGlobalSection
	GlobalSection(ExtensibilityGlobals) = postSolution
		SolutionGuid = {CD36B0BF-C4A2-4F95-BF51-DFCDB9F32CED}
	EndGlobalSection
EndGlobal
